
Microsoft Visual Studio Solution File, Format Version 12.00
# Visual Studio Version 17
VisualStudioVersion = 17.9.34622.214
MinimumVisualStudioVersion = 10.0.40219.1
Project("{8BC9CEB8-8B4A-11D0-8D11-00A0C91BC942}") = "VetClinick", "VetClinick\VetClinick.vcxproj", "{C25DCE1E-12BC-462F-BA95-7B2FFCE5CA1A}"
EndProject
Project("{8BC9CEB8-8B4A-11D0-8D11-00A0C91BC942}") = "TimeLib", "TimeLib\TimeLib.vcxproj", "{112FE602-9524-4F7B-BC42-8F91088D67FA}"
EndProject
Project("{8BC9CEB8-8B4A-11D0-8D11-00A0C91BC942}") = "StringLib", "StringLib\StringLib.vcxproj", "{7A9EB570-B178-42AD-9816-5CDEC0BD31AA}"
EndProject
Project("{8BC9CEB8-8B4A-11D0-8D11-00A0C91BC942}") = "Archivelib", "Archivelib\Archivelib.vcxproj", "{7095990B-79F2-4830-A54D-61C7886F4E27}"
EndProject
Project("{8BC9CEB8-8B4A-11D0-8D11-00A0C91BC942}") = "VetClinicModels", "VetClinicModels\VetClinicModels.vcxproj", "{ACEBD3C5-BD6C-4A8A-9921-4243CFA10784}"
EndProject
Project("{8BC9CEB8-8B4A-11D0-8D11-00A0C91BC942}") = "Experience", "Experience\Experience.vcxproj", "{4F48AFF1-32A2-4063-A199-9CCAED8F2E48}"
EndProject
Global
	GlobalSection(SolutionConfigurationPlatforms) = preSolution
		Debug|x64 = Debug|x64
		Debug|x86 = Debug|x86
		Release|x64 = Release|x64
		Release|x86 = Release|x86
	EndGlobalSection
	GlobalSection(ProjectConfigurationPlatforms) = postSolution
		{C25DCE1E-12BC-462F-BA95-7B2FFCE5CA1A}.Debug|x64.ActiveCfg = Debug|x64
		{C25DCE1E-12BC-462F-BA95-7B2FFCE5CA1A}.Debug|x64.Build.0 = Debug|x64
		{C25DCE1E-12BC-462F-BA95-7B2FFCE5CA1A}.Debug|x86.ActiveCfg = Debug|Win32
		{C25DCE1E-12BC-462F-BA95-7B2FFCE5CA1A}.Debug|x86.Build.0 = Debug|Win32
		{C25DCE1E-12BC-462F-BA95-7B2FFCE5CA1A}.Release|x64.ActiveCfg = Release|x64
		{C25DCE1E-12BC-462F-BA95-7B2FFCE5CA1A}.Release|x64.Build.0 = Release|x64
		{C25DCE1E-12BC-462F-BA95-7B2FFCE5CA1A}.Release|x86.ActiveCfg = Release|Win32
		{C25DCE1E-12BC-462F-BA95-7B2FFCE5CA1A}.Release|x86.Build.0 = Release|Win32
		{112FE602-9524-4F7B-BC42-8F91088D67FA}.Debug|x64.ActiveCfg = Debug|x64
		{112FE602-9524-4F7B-BC42-8F91088D67FA}.Debug|x64.Build.0 = Debug|x64
		{112FE602-9524-4F7B-BC42-8F91088D67FA}.Debug|x86.ActiveCfg = Debug|Win32
		{112FE602-9524-4F7B-BC42-8F91088D67FA}.Debug|x86.Build.0 = Debug|Win32
		{112FE602-9524-4F7B-BC42-8F91088D67FA}.Release|x64.ActiveCfg = Release|x64
		{112FE602-9524-4F7B-BC42-8F91088D67FA}.Release|x64.Build.0 = Release|x64
		{112FE602-9524-4F7B-BC42-8F91088D67FA}.Release|x86.ActiveCfg = Release|Win32
		{112FE602-9524-4F7B-BC42-8F91088D67FA}.Release|x86.Build.0 = Release|Win32
		{7A9EB570-B178-42AD-9816-5CDEC0BD31AA}.Debug|x64.ActiveCfg = Debug|x64
		{7A9EB570-B178-42AD-9816-5CDEC0BD31AA}.Debug|x64.Build.0 = Debug|x64
		{7A9EB570-B178-42AD-9816-5CDEC0BD31AA}.Debug|x86.ActiveCfg = Debug|Win32
		{7A9EB570-B178-42AD-9816-5CDEC0BD31AA}.Debug|x86.Build.0 = Debug|Win32
		{7A9EB570-B178-42AD-9816-5CDEC0BD31AA}.Release|x64.ActiveCfg = Release|x64
		{7A9EB570-B178-42AD-9816-5CDEC0BD31AA}.Release|x64.Build.0 = Release|x64
		{7A9EB570-B178-42AD-9816-5CDEC0BD31AA}.Release|x86.ActiveCfg = Release|Win32
		{7A9EB570-B178-42AD-9816-5CDEC0BD31AA}.Release|x86.Build.0 = Release|Win32
		{7095990B-79F2-4830-A54D-61C7886F4E27}.Debug|x64.ActiveCfg = Debug|x64
		{7095990B-79F2-4830-A54D-61C7886F4E27}.Debug|x64.Build.0 = Debug|x64
		{7095990B-79F2-4830-A54D-61C7886F4E27}.Debug|x86.ActiveCfg = Debug|Win32
		{7095990B-79F2-4830-A54D-61C7886F4E27}.Debug|x86.Build.0 = Debug|Win32
		{7095990B-79F2-4830-A54D-61C7886F4E27}.Release|x64.ActiveCfg = Release|x64
		{7095990B-79F2-4830-A54D-61C7886F4E27}.Release|x64.Build.0 = Release|x64
		{7095990B-79F2-4830-A54D-61C7886F4E27}.Release|x86.ActiveCfg = Release|Win32
		{7095990B-79F2-4830-A54D-61C7886F4E27}.Release|x86.Build.0 = Release|Win32
		{ACEBD3C5-BD6C-4A8A-9921-4243CFA10784}.Debug|x64.ActiveCfg = Debug|x64
		{ACEBD3C5-BD6C-4A8A-9921-4243CFA10784}.Debug|x64.Build.0 = Debug|x64
		{ACEBD3C5-BD6C-4A8A-9921-4243CFA10784}.Debug|x86.ActiveCfg = Debug|Win32
		{ACEBD3C5-BD6C-4A8A-9921-4243CFA10784}.Debug|x86.Build.0 = Debug|Win32
		{ACEBD3C5-BD6C-4A8A-9921-4243CFA10784}.Release|x64.ActiveCfg = Release|x64
		{ACEBD3C5-BD6C-4A8A-9921-4243CFA10784}.Release|x64.Build.0 = Release|x64
		{ACEBD3C5-BD6C-4A8A-9921-4243CFA10784}.Release|x86.ActiveCfg = Release|Win32
		{ACEBD3C5-BD6C-4A8A-9921-4243CFA10784}.Release|x86.Build.0 = Release|Win32
		{4F48AFF1-32A2-4063-A199-9CCAED8F2E48}.Debug|x64.ActiveCfg = Debug|x64
		{4F48AFF1-32A2-4063-A199-9CCAED8F2E48}.Debug|x64.Build.0 = Debug|x64
		{4F48AFF1-32A2-4063-A199-9CCAED8F2E48}.Debug|x86.ActiveCfg = Debug|Win32
		{4F48AFF1-32A2-4063-A199-9CCAED8F2E48}.Debug|x86.Build.0 = Debug|Win32
		{4F48AFF1-32A2-4063-A199-9CCAED8F2E48}.Release|x64.ActiveCfg = Release|x64
		{4F48AFF1-32A2-4063-A199-9CCAED8F2E48}.Release|x64.Build.0 = Release|x64
		{4F48AFF1-32A2-4063-A199-9CCAED8F2E48}.Release|x86.ActiveCfg = Release|Win32
		{4F48AFF1-32A2-4063-A199-9CCAED8F2E48}.Release|x86.Build.0 = Release|Win32
	EndGlobalSection
	GlobalSection(SolutionProperties) = preSolution
		HideSolutionNode = FALSE
	EndGlobalSection
	GlobalSection(ExtensibilityGlobals) = postSolution
		SolutionGuid = {9CDFF9B6-08F7-4CEB-B2CE-D133EC57EAD3}
	EndGlobalSection
EndGlobal
